
Microsoft Visual Studio Solution File, Format Version 12.00
# Visual Studio Version 16
VisualStudioVersion = 16.0.31205.134
MinimumVisualStudioVersion = 10.0.40219.1
Project("{9A19103F-16F7-4668-BE54-9A1E7A4F7556}") = "MoviesAPI", "MoviesAPI.csproj", "{99FB038B-C87B-4452-A626-726DE08EA62F}"
EndProject
Global
	GlobalSection(SolutionConfigurationPlatforms) = preSolution
		Debug|Any CPU = Debug|Any CPU
		Release|Any CPU = Release|Any CPU
	EndGlobalSection
	GlobalSection(ProjectConfigurationPlatforms) = postSolution
		{99FB038B-C87B-4452-A626-726DE08EA62F}.Debug|Any CPU.ActiveCfg = Debug|Any CPU
		{99FB038B-C87B-4452-A626-726DE08EA62F}.Debug|Any CPU.Build.0 = Debug|Any CPU
		{99FB038B-C87B-4452-A626-726DE08EA62F}.Release|Any CPU.ActiveCfg = Release|Any CPU
		{99FB038B-C87B-4452-A626-726DE08EA62F}.Release|Any CPU.Build.0 = Release|Any CPU
	EndGlobalSection
	GlobalSection(SolutionProperties) = preSolution
		HideSolutionNode = FALSE
	EndGlobalSection
	GlobalSection(ExtensibilityGlobals) = postSolution
		SolutionGuid = {B2D44955-85FB-475A-8D02-13D39B1E83AF}
	EndGlobalSection
EndGlobal
